github.com/digitalhouse-tech/go-lib-kit v0.1.6 h1:z53mf1sFWbTbgULTVEnRfOq31W5o3escXWjsrkP9K4I=
github.com/digitalhouse-tech/go-lib-kit v0.1.6/go.mod h1:CqolQOwNHOl/AFmFOf7vg0mHOIKzNYxUSx6gKbwJYf0=
github.com/google/uuid v1.3.0 h1:t6JiXgmwXMjEs8VusXIJk2BXHsn+wx8BZdTaoZ5fu7I=
github.com/google/uuid v1.3.0/go.mod h1:TIyPZe4MgqvfeYDBFedMoGGpEw/LqOeaOT+nhxU+yHo=
github.com/jnka9755/go-02ExampleExternalPkgs v0.0.0-20230504162800-1029fa4f4b3c h1:ql5D/KDsm6TtJQA4PvIH0KDf16lSq594/F/MH6p9R2o=
github.com/jnka9755/go-02ExampleExternalPkgs v0.0.0-20230504162800-1029fa4f4b3c/go.mod h1:DAyGOD+rVxMt8DuRl+O7HdmPjLIPRWG00rW1FGrrY9M=
github.com/joho/godotenv v1.5.1 h1:7eLL/+HRGLY0ldzfGMeQkb7vMd0as4CfYvUVzLqw0N0=
github.com/joho/godotenv v1.5.1/go.mod h1:f4LDr5Voq0i2e/R5DDNOoa2zzDfwtkZa6DnEwAbqwq4=
golang.org/x/exp v0.0.0-20230425010034-47ecfdc1ba53 h1:5llv2sWeaMSnA3w2kS57ouQQ4pudlXrR0dCgw51QK9o=
golang.org/x/exp v0.0.0-20230425010034-47ecfdc1ba53/go.mod h1:V1LtkGg67GoY2N1AnLN78QLrzxkLyJw7RJb1gzOOz9w=
